
Microsoft Visual Studio Solution File, Format Version 12.00
# Visual Studio Version 17
VisualStudioVersion = 17.5.002.0
MinimumVisualStudioVersion = 10.0.40219.1
Project("{9A19103F-16F7-4668-BE54-9A1E7A4F7556}") = "CSAMathApp", "CSAMathApp\CSAMathApp.csproj", "{C7AFB815-3BFD-4B0D-8C23-E7FD2EE6FC3C}"
EndProject
Global
	GlobalSection(SolutionConfigurationPlatforms) = preSolution
		Debug|Any CPU = Debug|Any CPU
		Release|Any CPU = Release|Any CPU
	EndGlobalSection
	GlobalSection(ProjectConfigurationPlatforms) = postSolution
		{C7AFB815-3BFD-4B0D-8C23-E7FD2EE6FC3C}.Debug|Any CPU.ActiveCfg = Debug|Any CPU
		{C7AFB815-3BFD-4B0D-8C23-E7FD2EE6FC3C}.Debug|Any CPU.Build.0 = Debug|Any CPU
		{C7AFB815-3BFD-4B0D-8C23-E7FD2EE6FC3C}.Release|Any CPU.ActiveCfg = Release|Any CPU
		{C7AFB815-3BFD-4B0D-8C23-E7FD2EE6FC3C}.Release|Any CPU.Build.0 = Release|Any CPU
	EndGlobalSection
	GlobalSection(SolutionProperties) = preSolution
		HideSolutionNode = FALSE
	EndGlobalSection
	GlobalSection(ExtensibilityGlobals) = postSolution
		SolutionGuid = {A1C84A46-4CF6-4599-8E25-BF7091AB3C5E}
	EndGlobalSection
EndGlobal
